// !$*UTF8*$!
{
	archiveVersion = 1;
	classes = {
	};
	objectVersion = 48;
	objects = {

/* Begin PBXBuildFile section */
		9A117A5C1FA256E100178ABB /* AppDelegate.swift in Sources */ = {isa = PBXBuildFile; fileRef = 9A117A5B1FA256E100178ABB /* AppDelegate.swift */; };
		9A117A5E1FA256E100178ABB /* ViewController.swift in Sources */ = {isa = PBXBuildFile; fileRef = 9A117A5D1FA256E100178ABB /* ViewController.swift */; };
		9A117A611FA256E100178ABB /* Main.storyboard in Resources */ = {isa = PBXBuildFile; fileRef = 9A117A5F1FA256E100178ABB /* Main.storyboard */; };
		9A117A631FA256E100178ABB /* Assets.xcassets in Resources */ = {isa = PBXBuildFile; fileRef = 9A117A621FA256E100178ABB /* Assets.xcassets */; };
		9A117A661FA256E100178ABB /* LaunchScreen.storyboard in Resources */ = {isa = PBXBuildFile; fileRef = 9A117A641FA256E100178ABB /* LaunchScreen.storyboard */; };
		9A117A721FA25C3600178ABB /* CreativityView.swift in Sources */ = {isa = PBXBuildFile; fileRef = 9A117A711FA25C3600178ABB /* CreativityView.swift */; };
		9A117A761FA25CAC00178ABB /* DataInformationView.swift in Sources */ = {isa = PBXBuildFile; fileRef = 9A117A751FA25CAB00178ABB /* DataInformationView.swift */; };
		9A117A781FA25CD400178ABB /* AbrstractionView.swift in Sources */ = {isa = PBXBuildFile; fileRef = 9A117A771FA25CD400178ABB /* AbrstractionView.swift */; };
		9A117A7A1FA25D0200178ABB /* AlgorithomsView.swift in Sources */ = {isa = PBXBuildFile; fileRef = 9A117A791FA25D0200178ABB /* AlgorithomsView.swift */; };
		9A117A7C1FA25D2C00178ABB /* ProgrammingView.swift in Sources */ = {isa = PBXBuildFile; fileRef = 9A117A7B1FA25D2C00178ABB /* ProgrammingView.swift */; };
		9A117A7E1FA25D8B00178ABB /* InternetMasterViewController.swift in Sources */ = {isa = PBXBuildFile; fileRef = 9A117A7D1FA25D8B00178ABB /* InternetMasterViewController.swift */; };
		9A117A801FA25DAD00178ABB /* GlobalImpactView.swift in Sources */ = {isa = PBXBuildFile; fileRef = 9A117A7F1FA25DAD00178ABB /* GlobalImpactView.swift */; };
		9A1CBD6E1FCF39C400878A2F /* InternetDetailViewController.swift in Sources */ = {isa = PBXBuildFile; fileRef = 9A1CBD6D1FCF39C400878A2F /* InternetDetailViewController.swift */; };
		9AFAC9E31FC35F810080B799 /* StarWars.swift in Sources */ = {isa = PBXBuildFile; fileRef = 9AFAC9E21FC35F810080B799 /* StarWars.swift */; };
		9AFAC9E71FC362170080B799 /* DeathStar.swift in Sources */ = {isa = PBXBuildFile; fileRef = 9AFAC9E61FC362170080B799 /* DeathStar.swift */; };
/* End PBXBuildFile section */

/* Begin PBXFileReference section */
		9A117A581FA256E100178ABB /* Ryan_CSP.app */ = {isa = PBXFileReference; explicitFileType = wrapper.application; includeInIndex = 0; path = Ryan_CSP.app; sourceTree = BUILT_PRODUCTS_DIR; };
		9A117A5B1FA256E100178ABB /* AppDelegate.swift */ = {isa = PBXFileReference; lastKnownFileType = sourcecode.swift; path = AppDelegate.swift; sourceTree = "<group>"; };
		9A117A5D1FA256E100178ABB /* ViewController.swift */ = {isa = PBXFileReference; lastKnownFileType = sourcecode.swift; path = ViewController.swift; sourceTree = "<group>"; };
		9A117A601FA256E100178ABB /* Base */ = {isa = PBXFileReference; lastKnownFileType = file.storyboard; name = Base; path = Base.lproj/Main.storyboard; sourceTree = "<group>"; };
		9A117A621FA256E100178ABB /* Assets.xcassets */ = {isa = PBXFileReference; lastKnownFileType = folder.assetcatalog; path = Assets.xcassets; sourceTree = "<group>"; };
		9A117A651FA256E100178ABB /* Base */ = {isa = PBXFileReference; lastKnownFileType = file.storyboard; name = Base; path = Base.lproj/LaunchScreen.storyboard; sourceTree = "<group>"; };
		9A117A671FA256E100178ABB /* Info.plist */ = {isa = PBXFileReference; lastKnownFileType = text.plist.xml; path = Info.plist; sourceTree = "<group>"; };
		9A117A711FA25C3600178ABB /* CreativityView.swift */ = {isa = PBXFileReference; lastKnownFileType = sourcecode.swift; path = CreativityView.swift; sourceTree = "<group>"; };
		9A117A751FA25CAB00178ABB /* DataInformationView.swift */ = {isa = PBXFileReference; lastKnownFileType = sourcecode.swift; path = DataInformationView.swift; sourceTree = "<group>"; };
		9A117A771FA25CD400178ABB /* AbrstractionView.swift */ = {isa = PBXFileReference; lastKnownFileType = sourcecode.swift; path = AbrstractionView.swift; sourceTree = "<group>"; };
		9A117A791FA25D0200178ABB /* AlgorithomsView.swift */ = {isa = PBXFileReference; lastKnownFileType = sourcecode.swift; path = AlgorithomsView.swift; sourceTree = "<group>"; };
		9A117A7B1FA25D2C00178ABB /* ProgrammingView.swift */ = {isa = PBXFileReference; lastKnownFileType = sourcecode.swift; path = ProgrammingView.swift; sourceTree = "<group>"; };
		9A117A7D1FA25D8B00178ABB /* InternetMasterViewController.swift */ = {isa = PBXFileReference; lastKnownFileType = sourcecode.swift; path = InternetMasterViewController.swift; sourceTree = "<group>"; };
		9A117A7F1FA25DAD00178ABB /* GlobalImpactView.swift */ = {isa = PBXFileReference; lastKnownFileType = sourcecode.swift; path = GlobalImpactView.swift; sourceTree = "<group>"; };
		9A1CBD6D1FCF39C400878A2F /* InternetDetailViewController.swift */ = {isa = PBXFileReference; lastKnownFileType = sourcecode.swift; path = InternetDetailViewController.swift; sourceTree = "<group>"; };
		9AFAC9E21FC35F810080B799 /* StarWars.swift */ = {isa = PBXFileReference; lastKnownFileType = sourcecode.swift; path = StarWars.swift; sourceTree = "<group>"; };
		9AFAC9E61FC362170080B799 /* DeathStar.swift */ = {isa = PBXFileReference; lastKnownFileType = sourcecode.swift; path = DeathStar.swift; sourceTree = "<group>"; };
/* End PBXFileReference section */

/* Begin PBXFrameworksBuildPhase section */
		9A117A551FA256E100178ABB /* Frameworks */ = {
			isa = PBXFrameworksBuildPhase;
			buildActionMask = 2147483647;
			files = (
			);
			runOnlyForDeploymentPostprocessing = 0;
		};
/* End PBXFrameworksBuildPhase section */

/* Begin PBXGroup section */
		9A117A4F1FA256E000178ABB = {
			isa = PBXGroup;
			children = (
				9A117A5A1FA256E100178ABB /* Ryan_CSP */,
				9A117A591FA256E100178ABB /* Products */,
			);
			sourceTree = "<group>";
		};
		9A117A591FA256E100178ABB /* Products */ = {
			isa = PBXGroup;
			children = (
				9A117A581FA256E100178ABB /* Ryan_CSP.app */,
			);
			name = Products;
			sourceTree = "<group>";
		};
		9A117A5A1FA256E100178ABB /* Ryan_CSP */ = {
			isa = PBXGroup;
			children = (
				9A117A6D1FA257D400178ABB /* Controller */,
				9A117A6E1FA2586D00178ABB /* View */,
				9A117A701FA258BF00178ABB /* Model */,
				9A117A6F1FA258BB00178ABB /* Resources */,
			);
			path = Ryan_CSP;
			sourceTree = "<group>";
		};
		9A117A6D1FA257D400178ABB /* Controller */ = {
			isa = PBXGroup;
			children = (
				9A117A5B1FA256E100178ABB /* AppDelegate.swift */,
				9A117A5D1FA256E100178ABB /* ViewController.swift */,
				9A117A711FA25C3600178ABB /* CreativityView.swift */,
				9A117A751FA25CAB00178ABB /* DataInformationView.swift */,
				9A117A771FA25CD400178ABB /* AbrstractionView.swift */,
				9A117A791FA25D0200178ABB /* AlgorithomsView.swift */,
				9A117A7B1FA25D2C00178ABB /* ProgrammingView.swift */,
				9A117A7D1FA25D8B00178ABB /* InternetMasterViewController.swift */,
				9A117A7F1FA25DAD00178ABB /* GlobalImpactView.swift */,
				9A1CBD6D1FCF39C400878A2F /* InternetDetailViewController.swift */,
			);
			path = Controller;
			sourceTree = "<group>";
		};
		9A117A6E1FA2586D00178ABB /* View */ = {
			isa = PBXGroup;
			children = (
				9A117A5F1FA256E100178ABB /* Main.storyboard */,
				9A117A641FA256E100178ABB /* LaunchScreen.storyboard */,
			);
			path = View;
			sourceTree = "<group>";
		};
		9A117A6F1FA258BB00178ABB /* Resources */ = {
			isa = PBXGroup;
			children = (
				9A117A671FA256E100178ABB /* Info.plist */,
				9A117A621FA256E100178ABB /* Assets.xcassets */,
			);
			path = Resources;
			sourceTree = "<group>";
		};
		9A117A701FA258BF00178ABB /* Model */ = {
			isa = PBXGroup;
			children = (
				9AFAC9E21FC35F810080B799 /* StarWars.swift */,
				9AFAC9E61FC362170080B799 /* DeathStar.swift */,
			);
			path = Model;
			sourceTree = "<group>";
		};
/* End PBXGroup section */

/* Begin PBXNativeTarget section */
		9A117A571FA256E100178ABB /* Ryan_CSP */ = {
			isa = PBXNativeTarget;
			buildConfigurationList = 9A117A6A1FA256E100178ABB /* Build configuration list for PBXNativeTarget "Ryan_CSP" */;
			buildPhases = (
				9A117A541FA256E100178ABB /* Sources */,
				9A117A551FA256E100178ABB /* Frameworks */,
				9A117A561FA256E100178ABB /* Resources */,
			);
			buildRules = (
			);
			dependencies = (
			);
			name = Ryan_CSP;
			productName = Ryan_CSP;
			productReference = 9A117A581FA256E100178ABB /* Ryan_CSP.app */;
			productType = "com.apple.product-type.application";
		};
/* End PBXNativeTarget section */

/* Begin PBXProject section */
		9A117A501FA256E000178ABB /* Project object */ = {
			isa = PBXProject;
			attributes = {
				LastSwiftUpdateCheck = 0900;
				LastUpgradeCheck = 0900;
				ORGANIZATIONNAME = "Sharp, Ryan";
				TargetAttributes = {
					9A117A571FA256E100178ABB = {
						CreatedOnToolsVersion = 9.0;
						ProvisioningStyle = Automatic;
					};
				};
			};
			buildConfigurationList = 9A117A531FA256E000178ABB /* Build configuration list for PBXProject "Ryan_CSP[1]" */;
			compatibilityVersion = "Xcode 8.0";
			developmentRegion = en;
			hasScannedForEncodings = 0;
			knownRegions = (
				en,
				Base,
			);
			mainGroup = 9A117A4F1FA256E000178ABB;
			productRefGroup = 9A117A591FA256E100178ABB /* Products */;
			projectDirPath = "";
			projectRoot = "";
			targets = (
				9A117A571FA256E100178ABB /* Ryan_CSP */,
			);
		};
/* End PBXProject section */

/* Begin PBXResourcesBuildPhase section */
		9A117A561FA256E100178ABB /* Resources */ = {
			isa = PBXResourcesBuildPhase;
			buildActionMask = 2147483647;
			files = (
				9A117A661FA256E100178ABB /* LaunchScreen.storyboard in Resources */,
				9A117A631FA256E100178ABB /* Assets.xcassets in Resources */,
				9A117A611FA256E100178ABB /* Main.storyboard in Resources */,
			);
			runOnlyForDeploymentPostprocessing = 0;
		};
/* End PBXResourcesBuildPhase section */

/* Begin PBXSourcesBuildPhase section */
		9A117A541FA256E100178ABB /* Sources */ = {
			isa = PBXSourcesBuildPhase;
			buildActionMask = 2147483647;
			files = (
				9A117A7A1FA25D0200178ABB /* AlgorithomsView.swift in Sources */,
				9A117A721FA25C3600178ABB /* CreativityView.swift in Sources */,
				9A117A5E1FA256E100178ABB /* ViewController.swift in Sources */,
				9A117A761FA25CAC00178ABB /* DataInformationView.swift in Sources */,
				9A1CBD6E1FCF39C400878A2F /* InternetDetailViewController.swift in Sources */,
				9AFAC9E31FC35F810080B799 /* StarWars.swift in Sources */,
				9A117A5C1FA256E100178ABB /* AppDelegate.swift in Sources */,
				9A117A801FA25DAD00178ABB /* GlobalImpactView.swift in Sources */,
				9A117A7E1FA25D8B00178ABB /* InternetMasterViewController.swift in Sources */,
				9AFAC9E71FC362170080B799 /* DeathStar.swift in Sources */,
				9A117A781FA25CD400178ABB /* AbrstractionView.swift in Sources */,
				9A117A7C1FA25D2C00178ABB /* ProgrammingView.swift in Sources */,
			);
			runOnlyForDeploymentPostprocessing = 0;
		};
/* End PBXSourcesBuildPhase section */

/* Begin PBXVariantGroup section */
		9A117A5F1FA256E100178ABB /* Main.storyboard */ = {
			isa = PBXVariantGroup;
			children = (
				9A117A601FA256E100178ABB /* Base */,
			);
			name = Main.storyboard;
			sourceTree = "<group>";
		};
		9A117A641FA256E100178ABB /* LaunchScreen.storyboard */ = {
			isa = PBXVariantGroup;
			children = (
				9A117A651FA256E100178ABB /* Base */,
			);
			name = LaunchScreen.storyboard;
			sourceTree = "<group>";
		};
/* End PBXVariantGroup section */

/* Begin XCBuildConfiguration section */
		9A117A681FA256E100178ABB /* Debug */ = {
			isa = XCBuildConfiguration;
			buildSettings = {
				ALWAYS_SEARCH_USER_PATHS = NO;
				CLANG_ANALYZER_NONNULL = YES;
				CLANG_ANALYZER_NUMBER_OBJECT_CONVERSION = YES_AGGRESSIVE;
				CLANG_CXX_LANGUAGE_STANDARD = "gnu++14";
				CLANG_CXX_LIBRARY = "libc++";
				CLANG_ENABLE_MODULES = YES;
				CLANG_ENABLE_OBJC_ARC = YES;
				CLANG_WARN_BLOCK_CAPTURE_AUTORELEASING = YES;
				CLANG_WARN_BOOL_CONVERSION = YES;
				CLANG_WARN_COMMA = YES;
				CLANG_WARN_CONSTANT_CONVERSION = YES;
				CLANG_WARN_DIRECT_OBJC_ISA_USAGE = YES_ERROR;
				CLANG_WARN_DOCUMENTATION_COMMENTS = YES;
				CLANG_WARN_EMPTY_BODY = YES;
				CLANG_WARN_ENUM_CONVERSION = YES;
				CLANG_WARN_INFINITE_RECURSION = YES;
				CLANG_WARN_INT_CONVERSION = YES;
				CLANG_WARN_NON_LITERAL_NULL_CONVERSION = YES;
				CLANG_WARN_OBJC_LITERAL_CONVERSION = YES;
				CLANG_WARN_OBJC_ROOT_CLASS = YES_ERROR;
				CLANG_WARN_RANGE_LOOP_ANALYSIS = YES;
				CLANG_WARN_STRICT_PROTOTYPES = YES;
				CLANG_WARN_SUSPICIOUS_MOVE = YES;
				CLANG_WARN_UNGUARDED_AVAILABILITY = YES_AGGRESSIVE;
				CLANG_WARN_UNREACHABLE_CODE = YES;
				CLANG_WARN__DUPLICATE_METHOD_MATCH = YES;
				CODE_SIGN_IDENTITY = "iPhone Developer";
				COPY_PHASE_STRIP = NO;
				DEBUG_INFORMATION_FORMAT = dwarf;
				ENABLE_STRICT_OBJC_MSGSEND = YES;
				ENABLE_TESTABILITY = YES;
				GCC_C_LANGUAGE_STANDARD = gnu11;
				GCC_DYNAMIC_NO_PIC = NO;
				GCC_NO_COMMON_BLOCKS = YES;
				GCC_OPTIMIZATION_LEVEL = 0;
				GCC_PREPROCESSOR_DEFINITIONS = (
					"DEBUG=1",
					"$(inherited)",
				);
				GCC_WARN_64_TO_32_BIT_CONVERSION = YES;
				GCC_WARN_ABOUT_RETURN_TYPE = YES_ERROR;
				GCC_WARN_UNDECLARED_SELECTOR = YES;
				GCC_WARN_UNINITIALIZED_AUTOS = YES_AGGRESSIVE;
				GCC_WARN_UNUSED_FUNCTION = YES;
				GCC_WARN_UNUSED_VARIABLE = YES;
				IPHONEOS_DEPLOYMENT_TARGET = 11.0;
				MTL_ENABLE_DEBUG_INFO = YES;
				ONLY_ACTIVE_ARCH = YES;
				SDKROOT = iphoneos;
				SWIFT_ACTIVE_COMPILATION_CONDITIONS = DEBUG;
				SWIFT_OPTIMIZATION_LEVEL = "-Onone";
			};
			name = Debug;
		};
		9A117A691FA256E100178ABB /* Release */ = {
			isa = XCBuildConfiguration;
			buildSettings = {
				ALWAYS_SEARCH_USER_PATHS = NO;
				CLANG_ANALYZER_NONNULL = YES;
				CLANG_ANALYZER_NUMBER_OBJECT_CONVERSION = YES_AGGRESSIVE;
				CLANG_CXX_LANGUAGE_STANDARD = "gnu++14";
				CLANG_CXX_LIBRARY = "libc++";
				CLANG_ENABLE_MODULES = YES;
				CLANG_ENABLE_OBJC_ARC = YES;
				CLANG_WARN_BLOCK_CAPTURE_AUTORELEASING = YES;
				CLANG_WARN_BOOL_CONVERSION = YES;
				CLANG_WARN_COMMA = YES;
				CLANG_WARN_CONSTANT_CONVERSION = YES;
				CLANG_WARN_DIRECT_OBJC_ISA_USAGE = YES_ERROR;
				CLANG_WARN_DOCUMENTATION_COMMENTS = YES;
				CLANG_WARN_EMPTY_BODY = YES;
				CLANG_WARN_ENUM_CONVERSION = YES;
				CLANG_WARN_INFINITE_RECURSION = YES;
				CLANG_WARN_INT_CONVERSION = YES;
				CLANG_WARN_NON_LITERAL_NULL_CONVERSION = YES;
				CLANG_WARN_OBJC_LITERAL_CONVERSION = YES;
				CLANG_WARN_OBJC_ROOT_CLASS = YES_ERROR;
				CLANG_WARN_RANGE_LOOP_ANALYSIS = YES;
				CLANG_WARN_STRICT_PROTOTYPES = YES;
				CLANG_WARN_SUSPICIOUS_MOVE = YES;
				CLANG_WARN_UNGUARDED_AVAILABILITY = YES_AGGRESSIVE;
				CLANG_WARN_UNREACHABLE_CODE = YES;
				CLANG_WARN__DUPLICATE_METHOD_MATCH = YES;
				CODE_SIGN_IDENTITY = "iPhone Developer";
				COPY_PHASE_STRIP = NO;
				DEBUG_INFORMATION_FORMAT = "dwarf-with-dsym";
				ENABLE_NS_ASSERTIONS = NO;
				ENABLE_STRICT_OBJC_MSGSEND = YES;
				GCC_C_LANGUAGE_STANDARD = gnu11;
				GCC_NO_COMMON_BLOCKS = YES;
				GCC_WARN_64_TO_32_BIT_CONVERSION = YES;
				GCC_WARN_ABOUT_RETURN_TYPE = YES_ERROR;
				GCC_WARN_UNDECLARED_SELECTOR = YES;
				GCC_WARN_UNINITIALIZED_AUTOS = YES_AGGRESSIVE;
				GCC_WARN_UNUSED_FUNCTION = YES;
				GCC_WARN_UNUSED_VARIABLE = YES;
				IPHONEOS_DEPLOYMENT_TARGET = 11.0;
				MTL_ENABLE_DEBUG_INFO = NO;
				SDKROOT = iphoneos;
				SWIFT_OPTIMIZATION_LEVEL = "-Owholemodule";
				VALIDATE_PRODUCT = YES;
			};
			name = Release;
		};
		9A117A6B1FA256E100178ABB /* Debug */ = {
			isa = XCBuildConfiguration;
			buildSettings = {
				ASSETCATALOG_COMPILER_APPICON_NAME = AppIcon;
				"CODE_SIGN_IDENTITY[sdk=iphoneos*]" = "iPhone Developer";
				CODE_SIGN_STYLE = Automatic;
				DEVELOPMENT_TEAM = "";
				INFOPLIST_FILE = "$(SRCROOT)/Ryan_CSP/Resources/Info.plist";
				LD_RUNPATH_SEARCH_PATHS = "$(inherited) @executable_path/Frameworks";
				PRODUCT_BUNDLE_IDENTIFIER = "CTEC.Ryan-CSP";
				PRODUCT_NAME = "$(TARGET_NAME)";
				PROVISIONING_PROFILE_SPECIFIER = "";
				SWIFT_VERSION = 4.0;
				TARGETED_DEVICE_FAMILY = "1,2";
			};
			name = Debug;
		};
		9A117A6C1FA256E100178ABB /* Release */ = {
			isa = XCBuildConfiguration;
			buildSettings = {
				ASSETCATALOG_COMPILER_APPICON_NAME = AppIcon;
				"CODE_SIGN_IDENTITY[sdk=iphoneos*]" = "iPhone Developer";
				CODE_SIGN_STYLE = Automatic;
				DEVELOPMENT_TEAM = "";
				INFOPLIST_FILE = "$(SRCROOT)/Ryan_CSP/Resources/Info.plist";
				LD_RUNPATH_SEARCH_PATHS = "$(inherited) @executable_path/Frameworks";
				PRODUCT_BUNDLE_IDENTIFIER = "CTEC.Ryan-CSP";
				PRODUCT_NAME = "$(TARGET_NAME)";
				PROVISIONING_PROFILE_SPECIFIER = "";
				SWIFT_VERSION = 4.0;
				TARGETED_DEVICE_FAMILY = "1,2";
			};
			name = Release;
		};
/* End XCBuildConfiguration section */

/* Begin XCConfigurationList section */
		9A117A531FA256E000178ABB /* Build configuration list for PBXProject "Ryan_CSP[1]" */ = {
			isa = XCConfigurationList;
			buildConfigurations = (
				9A117A681FA256E100178ABB /* Debug */,
				9A117A691FA256E100178ABB /* Release */,
			);
			defaultConfigurationIsVisible = 0;
			defaultConfigurationName = Release;
		};
		9A117A6A1FA256E100178ABB /* Build configuration list for PBXNativeTarget "Ryan_CSP" */ = {
			isa = XCConfigurationList;
			buildConfigurations = (
				9A117A6B1FA256E100178ABB /* Debug */,
				9A117A6C1FA256E100178ABB /* Release */,
			);
			defaultConfigurationIsVisible = 0;
			defaultConfigurationName = Release;
		};
/* End XCConfigurationList section */
	};
	rootObject = 9A117A501FA256E000178ABB /* Project object */;
}
